
Microsoft Visual Studio Solution File, Format Version 10.00
# Visual Studio 2008
Project("{8BC9CEB8-8B4A-11D0-8D11-00A0C91BC942}") = "dt-cluster2009", "dt-cluster2009.vcproj", "{F25B7D0E-DDB4-44AA-9435-901C12DD56C7}"
EndProject
Global
	GlobalSection(SubversionScc) = preSolution
		Svn-Managed = True
		Manager = AnkhSVN - Subversion Support for Visual Studio
	EndGlobalSection
	GlobalSection(SolutionConfigurationPlatforms) = preSolution
		Debug|Win32 = Debug|Win32
		Release|Win32 = Release|Win32
	EndGlobalSection
	GlobalSection(ProjectConfigurationPlatforms) = postSolution
		{F25B7D0E-DDB4-44AA-9435-901C12DD56C7}.Debug|Win32.ActiveCfg = Debug|Win32
		{F25B7D0E-DDB4-44AA-9435-901C12DD56C7}.Debug|Win32.Build.0 = Debug|Win32
		{F25B7D0E-DDB4-44AA-9435-901C12DD56C7}.Release|Win32.ActiveCfg = Release|Win32
		{F25B7D0E-DDB4-44AA-9435-901C12DD56C7}.Release|Win32.Build.0 = Release|Win32
	EndGlobalSection
	GlobalSection(SolutionProperties) = preSolution
		HideSolutionNode = FALSE
	EndGlobalSection
EndGlobal
